
Microsoft Visual Studio Solution File, Format Version 12.00
# Visual Studio Version 16
VisualStudioVersion = 16.0.30002.166
MinimumVisualStudioVersion = 10.0.40219.1
Project("{FAE04EC0-301F-11D3-BF4B-00C04F79EFBC}") = "SimpleDesktopApp", "SimpleDesktopApp\SimpleDesktopApp.csproj", "{B85D59C4-3329-4CD1-8950-83E229A41203}"
EndProject
Global
	GlobalSection(SolutionConfigurationPlatforms) = preSolution
		Debug|Any CPU = Debug|Any CPU
		Release|Any CPU = Release|Any CPU
	EndGlobalSection
	GlobalSection(ProjectConfigurationPlatforms) = postSolution
		{B85D59C4-3329-4CD1-8950-83E229A41203}.Debug|Any CPU.ActiveCfg = Debug|Any CPU
		{B85D59C4-3329-4CD1-8950-83E229A41203}.Debug|Any CPU.Build.0 = Debug|Any CPU
		{B85D59C4-3329-4CD1-8950-83E229A41203}.Release|Any CPU.ActiveCfg = Release|Any CPU
		{B85D59C4-3329-4CD1-8950-83E229A41203}.Release|Any CPU.Build.0 = Release|Any CPU
	EndGlobalSection
	GlobalSection(SolutionProperties) = preSolution
		HideSolutionNode = FALSE
	EndGlobalSection
	GlobalSection(ExtensibilityGlobals) = postSolution
		SolutionGuid = {AA9F9BB5-5E94-4303-9728-4AC246D750CF}
	EndGlobalSection
EndGlobal
